{
  "name": "simple-webcall",
  "version": "1.0.0",
  "lockfileVersion": 1,
  "requires": true,
  "dependencies": {
    "rest-call": {
      "version": "0.0.5",
      "resolved": "https://registry.npmjs.org/rest-call/-/rest-call-0.0.5.tgz",
      "integrity": "sha512-2mDG9Bb4cgtOuIMYVwsOPqxL5lQ+qix/0pcCUlQj9jVnvaW1uBSWsOmDmMQFRzDYcVnfCHrRON6TSf/uHfOxLg=="
    }
  }
}
